
Microsoft Visual Studio Solution File, Format Version 12.00
# Visual Studio Version 17
VisualStudioVersion = 17.11.35219.272
MinimumVisualStudioVersion = 10.0.40219.1
Project("{FAE04EC0-301F-11D3-BF4B-00C04F79EFBC}") = "Inlamningsuppgift_3.5", "Inlamningsuppgift_3.5\Inlamningsuppgift_3.5.csproj", "{9DD4B76D-1A62-428D-B548-CCA73D6D01FB}"
EndProject
Global
	GlobalSection(SolutionConfigurationPlatforms) = preSolution
		Debug|Any CPU = Debug|Any CPU
		Release|Any CPU = Release|Any CPU
	EndGlobalSection
	GlobalSection(ProjectConfigurationPlatforms) = postSolution
		{9DD4B76D-1A62-428D-B548-CCA73D6D01FB}.Debug|Any CPU.ActiveCfg = Debug|Any CPU
		{9DD4B76D-1A62-428D-B548-CCA73D6D01FB}.Debug|Any CPU.Build.0 = Debug|Any CPU
		{9DD4B76D-1A62-428D-B548-CCA73D6D01FB}.Release|Any CPU.ActiveCfg = Release|Any CPU
		{9DD4B76D-1A62-428D-B548-CCA73D6D01FB}.Release|Any CPU.Build.0 = Release|Any CPU
	EndGlobalSection
	GlobalSection(SolutionProperties) = preSolution
		HideSolutionNode = FALSE
	EndGlobalSection
	GlobalSection(ExtensibilityGlobals) = postSolution
		SolutionGuid = {D854A7EE-0E78-4A7B-8B5D-42F873E29690}
	EndGlobalSection
EndGlobal
